
Microsoft Visual Studio Solution File, Format Version 12.00
# Visual Studio Version 17
VisualStudioVersion = 17.0.32126.317
MinimumVisualStudioVersion = 10.0.40219.1
Project("{9A19103F-16F7-4668-BE54-9A1E7A4F7556}") = "Configuration", "src\Configuration\Configuration.csproj", "{472BD40C-429F-4FCA-BF59-DF38B30251EA}"
EndProject
Project("{9A19103F-16F7-4668-BE54-9A1E7A4F7556}") = "Repository", "src\Storage\Repository\Repository.csproj", "{27C6F1BC-B5DE-47A4-BECA-1D9623E40463}"
EndProject
Project("{9A19103F-16F7-4668-BE54-9A1E7A4F7556}") = "Services", "src\Services\Services.csproj", "{A7352F13-6215-4147-ABD0-EC205182903C}"
EndProject
Project("{9A19103F-16F7-4668-BE54-9A1E7A4F7556}") = "BotApp", "src\Jobs\BotApp\BotApp.csproj", "{DF1A3E55-F070-455C-9B43-34FB9D6EFBE1}"
EndProject
Project("{9A19103F-16F7-4668-BE54-9A1E7A4F7556}") = "Interfaces", "src\Interfaces\Interfaces.csproj", "{5672A237-165D-4235-86C1-5AED2D02BBFA}"
EndProject
Project("{2150E333-8FDC-42A3-9474-1A3956D46DE8}") = "Jobs", "Jobs", "{D1A4548A-C02C-42BC-A6C9-603333A4F6FD}"
EndProject
Project("{9A19103F-16F7-4668-BE54-9A1E7A4F7556}") = "RabbitMQ", "src\RabbitMQ\RabbitMQ\RabbitMQ.csproj", "{DA2209DF-D8B8-4475-B221-7CD3373DBDD4}"
EndProject
Project("{9A19103F-16F7-4668-BE54-9A1E7A4F7556}") = "RabbitMQ.Contracts", "src\RabbitMQ\RabbitMQ.Contracts\RabbitMQ.Contracts.csproj", "{3886E757-E68C-4EE6-886A-E8975968447E}"
EndProject
Project("{9A19103F-16F7-4668-BE54-9A1E7A4F7556}") = "LoadJob", "src\Jobs\LoadJob\LoadJob.csproj", "{628E1250-AD93-4093-B5DB-BBD9D49E5E3E}"
EndProject
Project("{9A19103F-16F7-4668-BE54-9A1E7A4F7556}") = "NotifyJob", "src\Jobs\NotifyJob\NotifyJob.csproj", "{B6D74FCE-8DFB-48F8-A302-97DE0CA5353B}"
EndProject
Project("{9A19103F-16F7-4668-BE54-9A1E7A4F7556}") = "Tests.Unit", "src\Tests\Tests.Unit\Tests.Unit.csproj", "{16E6730F-CBC9-4CBD-AA6A-A3A79AA70EEF}"
EndProject
Project("{9A19103F-16F7-4668-BE54-9A1E7A4F7556}") = "Storage.Bot", "src\Storage\Storage.Users\Storage.Bot.csproj", "{707EAEEE-641E-40AE-83E5-9C76D11047FF}"
EndProject
Project("{9A19103F-16F7-4668-BE54-9A1E7A4F7556}") = "Storage.Flats", "src\Storage\Storage.Flats\Storage.Flats.csproj", "{BAEF38F3-EA53-459E-84F1-2CA23E4F8115}"
EndProject
Project("{FAE04EC0-301F-11D3-BF4B-00C04F79EFBC}") = "Extensions", "src\Extensions\Extensions.csproj", "{DCACB94E-0992-4173-B306-9BD1A353C5C8}"
EndProject
Project("{2150E333-8FDC-42A3-9474-1A3956D46DE8}") = "RabbitMQ", "RabbitMQ", "{95C5A3E1-CB21-4019-9C10-FD5ECCE8BAB5}"
EndProject
Project("{2150E333-8FDC-42A3-9474-1A3956D46DE8}") = "Tests", "Tests", "{D9DC3BAA-736B-4904-9232-7FE5433EA986}"
EndProject
Project("{2150E333-8FDC-42A3-9474-1A3956D46DE8}") = "Storage", "Storage", "{1262B43C-C0F0-4869-A973-7427F4292C79}"
EndProject
Global
	GlobalSection(SolutionConfigurationPlatforms) = preSolution
		Debug|Any CPU = Debug|Any CPU
		Release|Any CPU = Release|Any CPU
	EndGlobalSection
	GlobalSection(ProjectConfigurationPlatforms) = postSolution
		{472BD40C-429F-4FCA-BF59-DF38B30251EA}.Debug|Any CPU.ActiveCfg = Debug|Any CPU
		{472BD40C-429F-4FCA-BF59-DF38B30251EA}.Debug|Any CPU.Build.0 = Debug|Any CPU
		{472BD40C-429F-4FCA-BF59-DF38B30251EA}.Release|Any CPU.ActiveCfg = Release|Any CPU
		{472BD40C-429F-4FCA-BF59-DF38B30251EA}.Release|Any CPU.Build.0 = Release|Any CPU
		{27C6F1BC-B5DE-47A4-BECA-1D9623E40463}.Debug|Any CPU.ActiveCfg = Debug|Any CPU
		{27C6F1BC-B5DE-47A4-BECA-1D9623E40463}.Debug|Any CPU.Build.0 = Debug|Any CPU
		{27C6F1BC-B5DE-47A4-BECA-1D9623E40463}.Release|Any CPU.ActiveCfg = Release|Any CPU
		{27C6F1BC-B5DE-47A4-BECA-1D9623E40463}.Release|Any CPU.Build.0 = Release|Any CPU
		{A7352F13-6215-4147-ABD0-EC205182903C}.Debug|Any CPU.ActiveCfg = Debug|Any CPU
		{A7352F13-6215-4147-ABD0-EC205182903C}.Debug|Any CPU.Build.0 = Debug|Any CPU
		{A7352F13-6215-4147-ABD0-EC205182903C}.Release|Any CPU.ActiveCfg = Release|Any CPU
		{A7352F13-6215-4147-ABD0-EC205182903C}.Release|Any CPU.Build.0 = Release|Any CPU
		{DF1A3E55-F070-455C-9B43-34FB9D6EFBE1}.Debug|Any CPU.ActiveCfg = Debug|Any CPU
		{DF1A3E55-F070-455C-9B43-34FB9D6EFBE1}.Debug|Any CPU.Build.0 = Debug|Any CPU
		{DF1A3E55-F070-455C-9B43-34FB9D6EFBE1}.Release|Any CPU.ActiveCfg = Release|Any CPU
		{DF1A3E55-F070-455C-9B43-34FB9D6EFBE1}.Release|Any CPU.Build.0 = Release|Any CPU
		{5672A237-165D-4235-86C1-5AED2D02BBFA}.Debug|Any CPU.ActiveCfg = Debug|Any CPU
		{5672A237-165D-4235-86C1-5AED2D02BBFA}.Debug|Any CPU.Build.0 = Debug|Any CPU
		{5672A237-165D-4235-86C1-5AED2D02BBFA}.Release|Any CPU.ActiveCfg = Release|Any CPU
		{5672A237-165D-4235-86C1-5AED2D02BBFA}.Release|Any CPU.Build.0 = Release|Any CPU
		{DA2209DF-D8B8-4475-B221-7CD3373DBDD4}.Debug|Any CPU.ActiveCfg = Debug|Any CPU
		{DA2209DF-D8B8-4475-B221-7CD3373DBDD4}.Debug|Any CPU.Build.0 = Debug|Any CPU
		{DA2209DF-D8B8-4475-B221-7CD3373DBDD4}.Release|Any CPU.ActiveCfg = Release|Any CPU
		{DA2209DF-D8B8-4475-B221-7CD3373DBDD4}.Release|Any CPU.Build.0 = Release|Any CPU
		{3886E757-E68C-4EE6-886A-E8975968447E}.Debug|Any CPU.ActiveCfg = Debug|Any CPU
		{3886E757-E68C-4EE6-886A-E8975968447E}.Debug|Any CPU.Build.0 = Debug|Any CPU
		{3886E757-E68C-4EE6-886A-E8975968447E}.Release|Any CPU.ActiveCfg = Release|Any CPU
		{3886E757-E68C-4EE6-886A-E8975968447E}.Release|Any CPU.Build.0 = Release|Any CPU
		{628E1250-AD93-4093-B5DB-BBD9D49E5E3E}.Debug|Any CPU.ActiveCfg = Debug|Any CPU
		{628E1250-AD93-4093-B5DB-BBD9D49E5E3E}.Debug|Any CPU.Build.0 = Debug|Any CPU
		{628E1250-AD93-4093-B5DB-BBD9D49E5E3E}.Release|Any CPU.ActiveCfg = Release|Any CPU
		{628E1250-AD93-4093-B5DB-BBD9D49E5E3E}.Release|Any CPU.Build.0 = Release|Any CPU
		{B6D74FCE-8DFB-48F8-A302-97DE0CA5353B}.Debug|Any CPU.ActiveCfg = Debug|Any CPU
		{B6D74FCE-8DFB-48F8-A302-97DE0CA5353B}.Debug|Any CPU.Build.0 = Debug|Any CPU
		{B6D74FCE-8DFB-48F8-A302-97DE0CA5353B}.Release|Any CPU.ActiveCfg = Release|Any CPU
		{B6D74FCE-8DFB-48F8-A302-97DE0CA5353B}.Release|Any CPU.Build.0 = Release|Any CPU
		{16E6730F-CBC9-4CBD-AA6A-A3A79AA70EEF}.Debug|Any CPU.ActiveCfg = Debug|Any CPU
		{16E6730F-CBC9-4CBD-AA6A-A3A79AA70EEF}.Debug|Any CPU.Build.0 = Debug|Any CPU
		{16E6730F-CBC9-4CBD-AA6A-A3A79AA70EEF}.Release|Any CPU.ActiveCfg = Release|Any CPU
		{16E6730F-CBC9-4CBD-AA6A-A3A79AA70EEF}.Release|Any CPU.Build.0 = Release|Any CPU
		{707EAEEE-641E-40AE-83E5-9C76D11047FF}.Debug|Any CPU.ActiveCfg = Debug|Any CPU
		{707EAEEE-641E-40AE-83E5-9C76D11047FF}.Debug|Any CPU.Build.0 = Debug|Any CPU
		{707EAEEE-641E-40AE-83E5-9C76D11047FF}.Release|Any CPU.ActiveCfg = Release|Any CPU
		{707EAEEE-641E-40AE-83E5-9C76D11047FF}.Release|Any CPU.Build.0 = Release|Any CPU
		{BAEF38F3-EA53-459E-84F1-2CA23E4F8115}.Debug|Any CPU.ActiveCfg = Debug|Any CPU
		{BAEF38F3-EA53-459E-84F1-2CA23E4F8115}.Debug|Any CPU.Build.0 = Debug|Any CPU
		{BAEF38F3-EA53-459E-84F1-2CA23E4F8115}.Release|Any CPU.ActiveCfg = Release|Any CPU
		{BAEF38F3-EA53-459E-84F1-2CA23E4F8115}.Release|Any CPU.Build.0 = Release|Any CPU
		{DCACB94E-0992-4173-B306-9BD1A353C5C8}.Debug|Any CPU.ActiveCfg = Debug|Any CPU
		{DCACB94E-0992-4173-B306-9BD1A353C5C8}.Debug|Any CPU.Build.0 = Debug|Any CPU
		{DCACB94E-0992-4173-B306-9BD1A353C5C8}.Release|Any CPU.ActiveCfg = Release|Any CPU
		{DCACB94E-0992-4173-B306-9BD1A353C5C8}.Release|Any CPU.Build.0 = Release|Any CPU
	EndGlobalSection
	GlobalSection(SolutionProperties) = preSolution
		HideSolutionNode = FALSE
	EndGlobalSection
	GlobalSection(NestedProjects) = preSolution
		{27C6F1BC-B5DE-47A4-BECA-1D9623E40463} = {1262B43C-C0F0-4869-A973-7427F4292C79}
		{DF1A3E55-F070-455C-9B43-34FB9D6EFBE1} = {D1A4548A-C02C-42BC-A6C9-603333A4F6FD}
		{DA2209DF-D8B8-4475-B221-7CD3373DBDD4} = {95C5A3E1-CB21-4019-9C10-FD5ECCE8BAB5}
		{3886E757-E68C-4EE6-886A-E8975968447E} = {95C5A3E1-CB21-4019-9C10-FD5ECCE8BAB5}
		{628E1250-AD93-4093-B5DB-BBD9D49E5E3E} = {D1A4548A-C02C-42BC-A6C9-603333A4F6FD}
		{B6D74FCE-8DFB-48F8-A302-97DE0CA5353B} = {D1A4548A-C02C-42BC-A6C9-603333A4F6FD}
		{16E6730F-CBC9-4CBD-AA6A-A3A79AA70EEF} = {D9DC3BAA-736B-4904-9232-7FE5433EA986}
		{707EAEEE-641E-40AE-83E5-9C76D11047FF} = {1262B43C-C0F0-4869-A973-7427F4292C79}
		{BAEF38F3-EA53-459E-84F1-2CA23E4F8115} = {1262B43C-C0F0-4869-A973-7427F4292C79}
	EndGlobalSection
	GlobalSection(ExtensibilityGlobals) = postSolution
		SolutionGuid = {54A0C18F-113F-4D1B-B33F-12F8AE8D2887}
	EndGlobalSection
EndGlobal
